
Microsoft Visual Studio Solution File, Format Version 12.00
# Visual Studio Version 17
VisualStudioVersion = 17.7.34202.233
MinimumVisualStudioVersion = 10.0.40219.1
Project("{9A19103F-16F7-4668-BE54-9A1E7A4F7556}") = "CarRental2.Server", "CarRental2\Server\CarRental2.Server.csproj", "{3DC26CF8-0471-4F74-8175-FDC56820F594}"
EndProject
Project("{9A19103F-16F7-4668-BE54-9A1E7A4F7556}") = "CarRental2.Client", "CarRental2\Client\CarRental2.Client.csproj", "{2F285E96-7A08-48F4-9AC9-B6C6FB7281EC}"
EndProject
Project("{9A19103F-16F7-4668-BE54-9A1E7A4F7556}") = "CarRental2.Shared", "CarRental2\Shared\CarRental2.Shared.csproj", "{292C7418-63C9-4AF1-979A-9DD6F5BAB2F8}"
EndProject
Global
	GlobalSection(SolutionConfigurationPlatforms) = preSolution
		Debug|Any CPU = Debug|Any CPU
		Release|Any CPU = Release|Any CPU
	EndGlobalSection
	GlobalSection(ProjectConfigurationPlatforms) = postSolution
		{3DC26CF8-0471-4F74-8175-FDC56820F594}.Debug|Any CPU.ActiveCfg = Debug|Any CPU
		{3DC26CF8-0471-4F74-8175-FDC56820F594}.Debug|Any CPU.Build.0 = Debug|Any CPU
		{3DC26CF8-0471-4F74-8175-FDC56820F594}.Release|Any CPU.ActiveCfg = Release|Any CPU
		{3DC26CF8-0471-4F74-8175-FDC56820F594}.Release|Any CPU.Build.0 = Release|Any CPU
		{2F285E96-7A08-48F4-9AC9-B6C6FB7281EC}.Debug|Any CPU.ActiveCfg = Debug|Any CPU
		{2F285E96-7A08-48F4-9AC9-B6C6FB7281EC}.Debug|Any CPU.Build.0 = Debug|Any CPU
		{2F285E96-7A08-48F4-9AC9-B6C6FB7281EC}.Release|Any CPU.ActiveCfg = Release|Any CPU
		{2F285E96-7A08-48F4-9AC9-B6C6FB7281EC}.Release|Any CPU.Build.0 = Release|Any CPU
		{292C7418-63C9-4AF1-979A-9DD6F5BAB2F8}.Debug|Any CPU.ActiveCfg = Debug|Any CPU
		{292C7418-63C9-4AF1-979A-9DD6F5BAB2F8}.Debug|Any CPU.Build.0 = Debug|Any CPU
		{292C7418-63C9-4AF1-979A-9DD6F5BAB2F8}.Release|Any CPU.ActiveCfg = Release|Any CPU
		{292C7418-63C9-4AF1-979A-9DD6F5BAB2F8}.Release|Any CPU.Build.0 = Release|Any CPU
	EndGlobalSection
	GlobalSection(SolutionProperties) = preSolution
		HideSolutionNode = FALSE
	EndGlobalSection
	GlobalSection(ExtensibilityGlobals) = postSolution
		SolutionGuid = {0DCE5BB8-6805-4384-BDE5-AA2E65FBEEFD}
	EndGlobalSection
EndGlobal
